
Microsoft Visual Studio Solution File, Format Version 12.00
# Visual Studio Version 16
VisualStudioVersion = 16.0.29326.143
MinimumVisualStudioVersion = 10.0.40219.1
Project("{FAE04EC0-301F-11D3-BF4B-00C04F79EFBC}") = "gimnasiocliente", "gimnasiocliente\gimnasiocliente.csproj", "{2F33A6AC-E7DD-4D79-8D2C-41CFEF30D262}"
EndProject
Global
	GlobalSection(SolutionConfigurationPlatforms) = preSolution
		Debug|Any CPU = Debug|Any CPU
		Release|Any CPU = Release|Any CPU
	EndGlobalSection
	GlobalSection(ProjectConfigurationPlatforms) = postSolution
		{2F33A6AC-E7DD-4D79-8D2C-41CFEF30D262}.Debug|Any CPU.ActiveCfg = Debug|Any CPU
		{2F33A6AC-E7DD-4D79-8D2C-41CFEF30D262}.Debug|Any CPU.Build.0 = Debug|Any CPU
		{2F33A6AC-E7DD-4D79-8D2C-41CFEF30D262}.Release|Any CPU.ActiveCfg = Release|Any CPU
		{2F33A6AC-E7DD-4D79-8D2C-41CFEF30D262}.Release|Any CPU.Build.0 = Release|Any CPU
	EndGlobalSection
	GlobalSection(SolutionProperties) = preSolution
		HideSolutionNode = FALSE
	EndGlobalSection
	GlobalSection(ExtensibilityGlobals) = postSolution
		SolutionGuid = {1093B4C2-6DED-443F-8E5D-89C04D4BB05D}
	EndGlobalSection
EndGlobal
