
Microsoft Visual Studio Solution File, Format Version 12.00
# Visual Studio Version 16
VisualStudioVersion = 16.0.29326.143
MinimumVisualStudioVersion = 10.0.40219.1
Project("{FAE04EC0-301F-11D3-BF4B-00C04F79EFBC}") = "bicola tarea", "bicola tarea\bicola tarea.csproj", "{1418ACB0-BFD9-4194-A467-F971C24516F4}"
EndProject
Global
	GlobalSection(SolutionConfigurationPlatforms) = preSolution
		Debug|Any CPU = Debug|Any CPU
		Release|Any CPU = Release|Any CPU
	EndGlobalSection
	GlobalSection(ProjectConfigurationPlatforms) = postSolution
		{1418ACB0-BFD9-4194-A467-F971C24516F4}.Debug|Any CPU.ActiveCfg = Debug|Any CPU
		{1418ACB0-BFD9-4194-A467-F971C24516F4}.Debug|Any CPU.Build.0 = Debug|Any CPU
		{1418ACB0-BFD9-4194-A467-F971C24516F4}.Release|Any CPU.ActiveCfg = Release|Any CPU
		{1418ACB0-BFD9-4194-A467-F971C24516F4}.Release|Any CPU.Build.0 = Release|Any CPU
	EndGlobalSection
	GlobalSection(SolutionProperties) = preSolution
		HideSolutionNode = FALSE
	EndGlobalSection
	GlobalSection(ExtensibilityGlobals) = postSolution
		SolutionGuid = {F2980752-82C5-49A1-882A-D9E65490BBF1}
	EndGlobalSection
EndGlobal
