
Microsoft Visual Studio Solution File, Format Version 12.00
# Visual Studio Version 16
VisualStudioVersion = 16.0.29418.71
MinimumVisualStudioVersion = 10.0.40219.1
Project("{FAE04EC0-301F-11D3-BF4B-00C04F79EFBC}") = "Bicola", "Bicola\Bicola.csproj", "{7A05C6DE-F9FD-4F5B-9BD8-1C4562C51E0B}"
EndProject
Global
	GlobalSection(SolutionConfigurationPlatforms) = preSolution
		Debug|Any CPU = Debug|Any CPU
		Release|Any CPU = Release|Any CPU
	EndGlobalSection
	GlobalSection(ProjectConfigurationPlatforms) = postSolution
		{7A05C6DE-F9FD-4F5B-9BD8-1C4562C51E0B}.Debug|Any CPU.ActiveCfg = Debug|Any CPU
		{7A05C6DE-F9FD-4F5B-9BD8-1C4562C51E0B}.Debug|Any CPU.Build.0 = Debug|Any CPU
		{7A05C6DE-F9FD-4F5B-9BD8-1C4562C51E0B}.Release|Any CPU.ActiveCfg = Release|Any CPU
		{7A05C6DE-F9FD-4F5B-9BD8-1C4562C51E0B}.Release|Any CPU.Build.0 = Release|Any CPU
	EndGlobalSection
	GlobalSection(SolutionProperties) = preSolution
		HideSolutionNode = FALSE
	EndGlobalSection
	GlobalSection(ExtensibilityGlobals) = postSolution
		SolutionGuid = {B10A7AFB-46AA-4E63-9B64-62D06106F572}
	EndGlobalSection
EndGlobal
