
Microsoft Visual Studio Solution File, Format Version 12.00
# Visual Studio Version 16
VisualStudioVersion = 16.0.29326.143
MinimumVisualStudioVersion = 10.0.40219.1
Project("{FAE04EC0-301F-11D3-BF4B-00C04F79EFBC}") = "parcial 2 de jose", "parcial 2 de jose\parcial 2 de jose.csproj", "{DBDC4EB1-C787-46AC-8381-5ECDBE3E65D4}"
EndProject
Global
	GlobalSection(SolutionConfigurationPlatforms) = preSolution
		Debug|Any CPU = Debug|Any CPU
		Release|Any CPU = Release|Any CPU
	EndGlobalSection
	GlobalSection(ProjectConfigurationPlatforms) = postSolution
		{DBDC4EB1-C787-46AC-8381-5ECDBE3E65D4}.Debug|Any CPU.ActiveCfg = Debug|Any CPU
		{DBDC4EB1-C787-46AC-8381-5ECDBE3E65D4}.Debug|Any CPU.Build.0 = Debug|Any CPU
		{DBDC4EB1-C787-46AC-8381-5ECDBE3E65D4}.Release|Any CPU.ActiveCfg = Release|Any CPU
		{DBDC4EB1-C787-46AC-8381-5ECDBE3E65D4}.Release|Any CPU.Build.0 = Release|Any CPU
	EndGlobalSection
	GlobalSection(SolutionProperties) = preSolution
		HideSolutionNode = FALSE
	EndGlobalSection
	GlobalSection(ExtensibilityGlobals) = postSolution
		SolutionGuid = {E278CCDE-38CE-4181-8F81-F96A1811781D}
	EndGlobalSection
EndGlobal
