
Microsoft Visual Studio Solution File, Format Version 12.00
# Visual Studio Version 16
VisualStudioVersion = 16.0.29326.143
MinimumVisualStudioVersion = 10.0.40219.1
Project("{FAE04EC0-301F-11D3-BF4B-00C04F79EFBC}") = "ejercicio 2", "ejercicio 2\ejercicio 2.csproj", "{A805463F-FA08-4D5F-85B1-7E3637DC763E}"
EndProject
Global
	GlobalSection(SolutionConfigurationPlatforms) = preSolution
		Debug|Any CPU = Debug|Any CPU
		Release|Any CPU = Release|Any CPU
	EndGlobalSection
	GlobalSection(ProjectConfigurationPlatforms) = postSolution
		{A805463F-FA08-4D5F-85B1-7E3637DC763E}.Debug|Any CPU.ActiveCfg = Debug|Any CPU
		{A805463F-FA08-4D5F-85B1-7E3637DC763E}.Debug|Any CPU.Build.0 = Debug|Any CPU
		{A805463F-FA08-4D5F-85B1-7E3637DC763E}.Release|Any CPU.ActiveCfg = Release|Any CPU
		{A805463F-FA08-4D5F-85B1-7E3637DC763E}.Release|Any CPU.Build.0 = Release|Any CPU
	EndGlobalSection
	GlobalSection(SolutionProperties) = preSolution
		HideSolutionNode = FALSE
	EndGlobalSection
	GlobalSection(ExtensibilityGlobals) = postSolution
		SolutionGuid = {5FC9080A-292F-41B2-B50C-8F2EAA254F3C}
	EndGlobalSection
EndGlobal
